// !$*UTF8*$!
{
	archiveVersion = 1;
	classes = {
	};
	objectVersion = 48;
	objects = {

/* Begin PBXBuildFile section */
		AD26D2ED2019182900482626 /* ItemStore.swift in Sources */ = {isa = PBXBuildFile; fileRef = AD26D2EC2019182900482626 /* ItemStore.swift */; };
		AD8168C91FFD7810002EBC59 /* AppDelegate.swift in Sources */ = {isa = PBXBuildFile; fileRef = AD8168C81FFD7810002EBC59 /* AppDelegate.swift */; };
		AD8168CB1FFD7810002EBC59 /* ViewController.swift in Sources */ = {isa = PBXBuildFile; fileRef = AD8168CA1FFD7810002EBC59 /* ViewController.swift */; };
		AD8168CE1FFD7810002EBC59 /* Main.storyboard in Resources */ = {isa = PBXBuildFile; fileRef = AD8168CC1FFD7810002EBC59 /* Main.storyboard */; };
		AD8168D31FFD7810002EBC59 /* Assets.xcassets in Resources */ = {isa = PBXBuildFile; fileRef = AD8168D21FFD7810002EBC59 /* Assets.xcassets */; };
		AD8168D61FFD7810002EBC59 /* LaunchScreen.storyboard in Resources */ = {isa = PBXBuildFile; fileRef = AD8168D41FFD7810002EBC59 /* LaunchScreen.storyboard */; };
		AD8168E11FFD7810002EBC59 /* Timely_GoalsTests.swift in Sources */ = {isa = PBXBuildFile; fileRef = AD8168E01FFD7810002EBC59 /* Timely_GoalsTests.swift */; };
		AD8168EC1FFD7810002EBC59 /* Timely_GoalsUITests.swift in Sources */ = {isa = PBXBuildFile; fileRef = AD8168EB1FFD7810002EBC59 /* Timely_GoalsUITests.swift */; };
		AD8168FA1FFD7EE4002EBC59 /* Cells.swift in Sources */ = {isa = PBXBuildFile; fileRef = AD8168F91FFD7EE4002EBC59 /* Cells.swift */; };
		ADE8FD7F202E112000CD7DAD /* ItemList.swift in Sources */ = {isa = PBXBuildFile; fileRef = ADE8FD7E202E112000CD7DAD /* ItemList.swift */; };
		ADFAA8C31FFEA503009B02B0 /* Item.swift in Sources */ = {isa = PBXBuildFile; fileRef = ADFAA8C21FFEA503009B02B0 /* Item.swift */; };
		ADFAA8CE1FFEA7C7009B02B0 /* Model.xcdatamodeld in Sources */ = {isa = PBXBuildFile; fileRef = ADFAA8CC1FFEA7C7009B02B0 /* Model.xcdatamodeld */; };
/* End PBXBuildFile section */

/* Begin PBXContainerItemProxy section */
		AD8168DD1FFD7810002EBC59 /* PBXContainerItemProxy */ = {
			isa = PBXContainerItemProxy;
			containerPortal = AD8168BD1FFD780F002EBC59 /* Project object */;
			proxyType = 1;
			remoteGlobalIDString = AD8168C41FFD7810002EBC59;
			remoteInfo = "Timely Goals";
		};
		AD8168E81FFD7810002EBC59 /* PBXContainerItemProxy */ = {
			isa = PBXContainerItemProxy;
			containerPortal = AD8168BD1FFD780F002EBC59 /* Project object */;
			proxyType = 1;
			remoteGlobalIDString = AD8168C41FFD7810002EBC59;
			remoteInfo = "Timely Goals";
		};
/* End PBXContainerItemProxy section */

/* Begin PBXFileReference section */
		AD26D2EC2019182900482626 /* ItemStore.swift */ = {isa = PBXFileReference; fileEncoding = 4; lastKnownFileType = sourcecode.swift; path = ItemStore.swift; sourceTree = "<group>"; };
		AD8168C51FFD7810002EBC59 /* Timely Goals.app */ = {isa = PBXFileReference; explicitFileType = wrapper.application; includeInIndex = 0; path = "Timely Goals.app"; sourceTree = BUILT_PRODUCTS_DIR; };
		AD8168C81FFD7810002EBC59 /* AppDelegate.swift */ = {isa = PBXFileReference; lastKnownFileType = sourcecode.swift; path = AppDelegate.swift; sourceTree = "<group>"; };
		AD8168CA1FFD7810002EBC59 /* ViewController.swift */ = {isa = PBXFileReference; lastKnownFileType = sourcecode.swift; path = ViewController.swift; sourceTree = "<group>"; };
		AD8168CD1FFD7810002EBC59 /* Base */ = {isa = PBXFileReference; lastKnownFileType = file.storyboard; name = Base; path = Base.lproj/Main.storyboard; sourceTree = "<group>"; };
		AD8168D21FFD7810002EBC59 /* Assets.xcassets */ = {isa = PBXFileReference; lastKnownFileType = folder.assetcatalog; path = Assets.xcassets; sourceTree = "<group>"; };
		AD8168D51FFD7810002EBC59 /* Base */ = {isa = PBXFileReference; lastKnownFileType = file.storyboard; name = Base; path = Base.lproj/LaunchScreen.storyboard; sourceTree = "<group>"; };
		AD8168D71FFD7810002EBC59 /* Info.plist */ = {isa = PBXFileReference; lastKnownFileType = text.plist.xml; path = Info.plist; sourceTree = "<group>"; };
		AD8168DC1FFD7810002EBC59 /* Timely GoalsTests.xctest */ = {isa = PBXFileReference; explicitFileType = wrapper.cfbundle; includeInIndex = 0; path = "Timely GoalsTests.xctest"; sourceTree = BUILT_PRODUCTS_DIR; };
		AD8168E01FFD7810002EBC59 /* Timely_GoalsTests.swift */ = {isa = PBXFileReference; lastKnownFileType = sourcecode.swift; path = Timely_GoalsTests.swift; sourceTree = "<group>"; };
		AD8168E21FFD7810002EBC59 /* Info.plist */ = {isa = PBXFileReference; lastKnownFileType = text.plist.xml; path = Info.plist; sourceTree = "<group>"; };
		AD8168E71FFD7810002EBC59 /* Timely GoalsUITests.xctest */ = {isa = PBXFileReference; explicitFileType = wrapper.cfbundle; includeInIndex = 0; path = "Timely GoalsUITests.xctest"; sourceTree = BUILT_PRODUCTS_DIR; };
		AD8168EB1FFD7810002EBC59 /* Timely_GoalsUITests.swift */ = {isa = PBXFileReference; lastKnownFileType = sourcecode.swift; path = Timely_GoalsUITests.swift; sourceTree = "<group>"; };
		AD8168ED1FFD7810002EBC59 /* Info.plist */ = {isa = PBXFileReference; lastKnownFileType = text.plist.xml; path = Info.plist; sourceTree = "<group>"; };
		AD8168F91FFD7EE4002EBC59 /* Cells.swift */ = {isa = PBXFileReference; lastKnownFileType = sourcecode.swift; path = Cells.swift; sourceTree = "<group>"; };
		ADDA3DB0201A573B00901103 /* Timely Goals.entitlements */ = {isa = PBXFileReference; lastKnownFileType = text.plist.entitlements; path = "Timely Goals.entitlements"; sourceTree = "<group>"; };
		ADE8FD7E202E112000CD7DAD /* ItemList.swift */ = {isa = PBXFileReference; lastKnownFileType = sourcecode.swift; path = ItemList.swift; sourceTree = "<group>"; };
		ADFAA8C21FFEA503009B02B0 /* Item.swift */ = {isa = PBXFileReference; lastKnownFileType = sourcecode.swift; path = Item.swift; sourceTree = "<group>"; };
		ADFAA8CD1FFEA7C7009B02B0 /* Model.xcdatamodel */ = {isa = PBXFileReference; lastKnownFileType = wrapper.xcdatamodel; path = Model.xcdatamodel; sourceTree = "<group>"; };
/* End PBXFileReference section */

/* Begin PBXFrameworksBuildPhase section */
		AD8168C21FFD7810002EBC59 /* Frameworks */ = {
			isa = PBXFrameworksBuildPhase;
			buildActionMask = 2147483647;
			files = (
			);
			runOnlyForDeploymentPostprocessing = 0;
		};
		AD8168D91FFD7810002EBC59 /* Frameworks */ = {
			isa = PBXFrameworksBuildPhase;
			buildActionMask = 2147483647;
			files = (
			);
			runOnlyForDeploymentPostprocessing = 0;
		};
		AD8168E41FFD7810002EBC59 /* Frameworks */ = {
			isa = PBXFrameworksBuildPhase;
			buildActionMask = 2147483647;
			files = (
			);
			runOnlyForDeploymentPostprocessing = 0;
		};
/* End PBXFrameworksBuildPhase section */

/* Begin PBXGroup section */
		AD8168BC1FFD780F002EBC59 = {
			isa = PBXGroup;
			children = (
				AD8168C71FFD7810002EBC59 /* Timely Goals */,
				AD8168DF1FFD7810002EBC59 /* Timely GoalsTests */,
				AD8168EA1FFD7810002EBC59 /* Timely GoalsUITests */,
				AD8168C61FFD7810002EBC59 /* Products */,
			);
			sourceTree = "<group>";
		};
		AD8168C61FFD7810002EBC59 /* Products */ = {
			isa = PBXGroup;
			children = (
				AD8168C51FFD7810002EBC59 /* Timely Goals.app */,
				AD8168DC1FFD7810002EBC59 /* Timely GoalsTests.xctest */,
				AD8168E71FFD7810002EBC59 /* Timely GoalsUITests.xctest */,
			);
			name = Products;
			sourceTree = "<group>";
		};
		AD8168C71FFD7810002EBC59 /* Timely Goals */ = {
			isa = PBXGroup;
			children = (
				ADDA3DB0201A573B00901103 /* Timely Goals.entitlements */,
				AD8168C81FFD7810002EBC59 /* AppDelegate.swift */,
				AD8168CA1FFD7810002EBC59 /* ViewController.swift */,
				AD8168CC1FFD7810002EBC59 /* Main.storyboard */,
				AD8168D21FFD7810002EBC59 /* Assets.xcassets */,
				AD8168D41FFD7810002EBC59 /* LaunchScreen.storyboard */,
				AD8168D71FFD7810002EBC59 /* Info.plist */,
				AD8168F91FFD7EE4002EBC59 /* Cells.swift */,
				ADFAA8C21FFEA503009B02B0 /* Item.swift */,
				AD26D2EC2019182900482626 /* ItemStore.swift */,
				ADFAA8CC1FFEA7C7009B02B0 /* Model.xcdatamodeld */,
				ADE8FD7E202E112000CD7DAD /* ItemList.swift */,
			);
			path = "Timely Goals";
			sourceTree = "<group>";
		};
		AD8168DF1FFD7810002EBC59 /* Timely GoalsTests */ = {
			isa = PBXGroup;
			children = (
				AD8168E01FFD7810002EBC59 /* Timely_GoalsTests.swift */,
				AD8168E21FFD7810002EBC59 /* Info.plist */,
			);
			path = "Timely GoalsTests";
			sourceTree = "<group>";
		};
		AD8168EA1FFD7810002EBC59 /* Timely GoalsUITests */ = {
			isa = PBXGroup;
			children = (
				AD8168EB1FFD7810002EBC59 /* Timely_GoalsUITests.swift */,
				AD8168ED1FFD7810002EBC59 /* Info.plist */,
			);
			path = "Timely GoalsUITests";
			sourceTree = "<group>";
		};
/* End PBXGroup section */

/* Begin PBXNativeTarget section */
		AD8168C41FFD7810002EBC59 /* Timely Goals */ = {
			isa = PBXNativeTarget;
			buildConfigurationList = AD8168F01FFD7810002EBC59 /* Build configuration list for PBXNativeTarget "Timely Goals" */;
			buildPhases = (
				AD8168C11FFD7810002EBC59 /* Sources */,
				AD8168C21FFD7810002EBC59 /* Frameworks */,
				AD8168C31FFD7810002EBC59 /* Resources */,
			);
			buildRules = (
			);
			dependencies = (
			);
			name = "Timely Goals";
			productName = "Timely Goals";
			productReference = AD8168C51FFD7810002EBC59 /* Timely Goals.app */;
			productType = "com.apple.product-type.application";
		};
		AD8168DB1FFD7810002EBC59 /* Timely GoalsTests */ = {
			isa = PBXNativeTarget;
			buildConfigurationList = AD8168F31FFD7810002EBC59 /* Build configuration list for PBXNativeTarget "Timely GoalsTests" */;
			buildPhases = (
				AD8168D81FFD7810002EBC59 /* Sources */,
				AD8168D91FFD7810002EBC59 /* Frameworks */,
				AD8168DA1FFD7810002EBC59 /* Resources */,
			);
			buildRules = (
			);
			dependencies = (
				AD8168DE1FFD7810002EBC59 /* PBXTargetDependency */,
			);
			name = "Timely GoalsTests";
			productName = "Timely GoalsTests";
			productReference = AD8168DC1FFD7810002EBC59 /* Timely GoalsTests.xctest */;
			productType = "com.apple.product-type.bundle.unit-test";
		};
		AD8168E61FFD7810002EBC59 /* Timely GoalsUITests */ = {
			isa = PBXNativeTarget;
			buildConfigurationList = AD8168F61FFD7810002EBC59 /* Build configuration list for PBXNativeTarget "Timely GoalsUITests" */;
			buildPhases = (
				AD8168E31FFD7810002EBC59 /* Sources */,
				AD8168E41FFD7810002EBC59 /* Frameworks */,
				AD8168E51FFD7810002EBC59 /* Resources */,
			);
			buildRules = (
			);
			dependencies = (
				AD8168E91FFD7810002EBC59 /* PBXTargetDependency */,
			);
			name = "Timely GoalsUITests";
			productName = "Timely GoalsUITests";
			productReference = AD8168E71FFD7810002EBC59 /* Timely GoalsUITests.xctest */;
			productType = "com.apple.product-type.bundle.ui-testing";
		};
/* End PBXNativeTarget section */

/* Begin PBXProject section */
		AD8168BD1FFD780F002EBC59 /* Project object */ = {
			isa = PBXProject;
			attributes = {
				LastSwiftUpdateCheck = 0920;
				LastUpgradeCheck = 0920;
				ORGANIZATIONNAME = "David Solomon";
				TargetAttributes = {
					AD8168C41FFD7810002EBC59 = {
						CreatedOnToolsVersion = 9.2;
						ProvisioningStyle = Automatic;
						SystemCapabilities = {
							com.apple.Push = {
								enabled = 1;
							};
						};
					};
					AD8168DB1FFD7810002EBC59 = {
						CreatedOnToolsVersion = 9.2;
						ProvisioningStyle = Automatic;
						TestTargetID = AD8168C41FFD7810002EBC59;
					};
					AD8168E61FFD7810002EBC59 = {
						CreatedOnToolsVersion = 9.2;
						ProvisioningStyle = Automatic;
						TestTargetID = AD8168C41FFD7810002EBC59;
					};
				};
			};
			buildConfigurationList = AD8168C01FFD780F002EBC59 /* Build configuration list for PBXProject "Timely Goals" */;
			compatibilityVersion = "Xcode 8.0";
			developmentRegion = en;
			hasScannedForEncodings = 0;
			knownRegions = (
				en,
				Base,
			);
			mainGroup = AD8168BC1FFD780F002EBC59;
			productRefGroup = AD8168C61FFD7810002EBC59 /* Products */;
			projectDirPath = "";
			projectRoot = "";
			targets = (
				AD8168C41FFD7810002EBC59 /* Timely Goals */,
				AD8168DB1FFD7810002EBC59 /* Timely GoalsTests */,
				AD8168E61FFD7810002EBC59 /* Timely GoalsUITests */,
			);
		};
/* End PBXProject section */

/* Begin PBXResourcesBuildPhase section */
		AD8168C31FFD7810002EBC59 /* Resources */ = {
			isa = PBXResourcesBuildPhase;
			buildActionMask = 2147483647;
			files = (
				AD8168D61FFD7810002EBC59 /* LaunchScreen.storyboard in Resources */,
				AD8168D31FFD7810002EBC59 /* Assets.xcassets in Resources */,
				AD8168CE1FFD7810002EBC59 /* Main.storyboard in Resources */,
			);
			runOnlyForDeploymentPostprocessing = 0;
		};
		AD8168DA1FFD7810002EBC59 /* Resources */ = {
			isa = PBXResourcesBuildPhase;
			buildActionMask = 2147483647;
			files = (
			);
			runOnlyForDeploymentPostprocessing = 0;
		};
		AD8168E51FFD7810002EBC59 /* Resources */ = {
			isa = PBXResourcesBuildPhase;
			buildActionMask = 2147483647;
			files = (
			);
			runOnlyForDeploymentPostprocessing = 0;
		};
/* End PBXResourcesBuildPhase section */

/* Begin PBXSourcesBuildPhase section */
		AD8168C11FFD7810002EBC59 /* Sources */ = {
			isa = PBXSourcesBuildPhase;
			buildActionMask = 2147483647;
			files = (
				ADFAA8C31FFEA503009B02B0 /* Item.swift in Sources */,
				AD8168FA1FFD7EE4002EBC59 /* Cells.swift in Sources */,
				AD26D2ED2019182900482626 /* ItemStore.swift in Sources */,
				ADE8FD7F202E112000CD7DAD /* ItemList.swift in Sources */,
				ADFAA8CE1FFEA7C7009B02B0 /* Model.xcdatamodeld in Sources */,
				AD8168CB1FFD7810002EBC59 /* ViewController.swift in Sources */,
				AD8168C91FFD7810002EBC59 /* AppDelegate.swift in Sources */,
			);
			runOnlyForDeploymentPostprocessing = 0;
		};
		AD8168D81FFD7810002EBC59 /* Sources */ = {
			isa = PBXSourcesBuildPhase;
			buildActionMask = 2147483647;
			files = (
				AD8168E11FFD7810002EBC59 /* Timely_GoalsTests.swift in Sources */,
			);
			runOnlyForDeploymentPostprocessing = 0;
		};
		AD8168E31FFD7810002EBC59 /* Sources */ = {
			isa = PBXSourcesBuildPhase;
			buildActionMask = 2147483647;
			files = (
				AD8168EC1FFD7810002EBC59 /* Timely_GoalsUITests.swift in Sources */,
			);
			runOnlyForDeploymentPostprocessing = 0;
		};
/* End PBXSourcesBuildPhase section */

/* Begin PBXTargetDependency section */
		AD8168DE1FFD7810002EBC59 /* PBXTargetDependency */ = {
			isa = PBXTargetDependency;
			target = AD8168C41FFD7810002EBC59 /* Timely Goals */;
			targetProxy = AD8168DD1FFD7810002EBC59 /* PBXContainerItemProxy */;
		};
		AD8168E91FFD7810002EBC59 /* PBXTargetDependency */ = {
			isa = PBXTargetDependency;
			target = AD8168C41FFD7810002EBC59 /* Timely Goals */;
			targetProxy = AD8168E81FFD7810002EBC59 /* PBXContainerItemProxy */;
		};
/* End PBXTargetDependency section */

/* Begin PBXVariantGroup section */
		AD8168CC1FFD7810002EBC59 /* Main.storyboard */ = {
			isa = PBXVariantGroup;
			children = (
				AD8168CD1FFD7810002EBC59 /* Base */,
			);
			name = Main.storyboard;
			sourceTree = "<group>";
		};
		AD8168D41FFD7810002EBC59 /* LaunchScreen.storyboard */ = {
			isa = PBXVariantGroup;
			children = (
				AD8168D51FFD7810002EBC59 /* Base */,
			);
			name = LaunchScreen.storyboard;
			sourceTree = "<group>";
		};
/* End PBXVariantGroup section */

/* Begin XCBuildConfiguration section */
		AD8168EE1FFD7810002EBC59 /* Debug */ = {
			isa = XCBuildConfiguration;
			buildSettings = {
				ALWAYS_SEARCH_USER_PATHS = NO;
				CLANG_ANALYZER_NONNULL = YES;
				CLANG_ANALYZER_NUMBER_OBJECT_CONVERSION = YES_AGGRESSIVE;
				CLANG_CXX_LANGUAGE_STANDARD = "gnu++14";
				CLANG_CXX_LIBRARY = "libc++";
				CLANG_ENABLE_MODULES = YES;
				CLANG_ENABLE_OBJC_ARC = YES;
				CLANG_WARN_BLOCK_CAPTURE_AUTORELEASING = YES;
				CLANG_WARN_BOOL_CONVERSION = YES;
				CLANG_WARN_COMMA = YES;
				CLANG_WARN_CONSTANT_CONVERSION = YES;
				CLANG_WARN_DIRECT_OBJC_ISA_USAGE = YES_ERROR;
				CLANG_WARN_DOCUMENTATION_COMMENTS = YES;
				CLANG_WARN_EMPTY_BODY = YES;
				CLANG_WARN_ENUM_CONVERSION = YES;
				CLANG_WARN_INFINITE_RECURSION = YES;
				CLANG_WARN_INT_CONVERSION = YES;
				CLANG_WARN_NON_LITERAL_NULL_CONVERSION = YES;
				CLANG_WARN_OBJC_LITERAL_CONVERSION = YES;
				CLANG_WARN_OBJC_ROOT_CLASS = YES_ERROR;
				CLANG_WARN_RANGE_LOOP_ANALYSIS = YES;
				CLANG_WARN_STRICT_PROTOTYPES = YES;
				CLANG_WARN_SUSPICIOUS_MOVE = YES;
				CLANG_WARN_UNGUARDED_AVAILABILITY = YES_AGGRESSIVE;
				CLANG_WARN_UNREACHABLE_CODE = YES;
				CLANG_WARN__DUPLICATE_METHOD_MATCH = YES;
				CODE_SIGN_IDENTITY = "iPhone Developer";
				COPY_PHASE_STRIP = NO;
				DEBUG_INFORMATION_FORMAT = dwarf;
				ENABLE_STRICT_OBJC_MSGSEND = YES;
				ENABLE_TESTABILITY = YES;
				GCC_C_LANGUAGE_STANDARD = gnu11;
				GCC_DYNAMIC_NO_PIC = NO;
				GCC_NO_COMMON_BLOCKS = YES;
				GCC_OPTIMIZATION_LEVEL = 0;
				GCC_PREPROCESSOR_DEFINITIONS = (
					"DEBUG=1",
					"$(inherited)",
				);
				GCC_WARN_64_TO_32_BIT_CONVERSION = YES;
				GCC_WARN_ABOUT_RETURN_TYPE = YES_ERROR;
				GCC_WARN_UNDECLARED_SELECTOR = YES;
				GCC_WARN_UNINITIALIZED_AUTOS = YES_AGGRESSIVE;
				GCC_WARN_UNUSED_FUNCTION = YES;
				GCC_WARN_UNUSED_VARIABLE = YES;
				IPHONEOS_DEPLOYMENT_TARGET = 11.2;
				MTL_ENABLE_DEBUG_INFO = YES;
				ONLY_ACTIVE_ARCH = YES;
				SDKROOT = iphoneos;
				SWIFT_ACTIVE_COMPILATION_CONDITIONS = DEBUG;
				SWIFT_OPTIMIZATION_LEVEL = "-Onone";
			};
			name = Debug;
		};
		AD8168EF1FFD7810002EBC59 /* Release */ = {
			isa = XCBuildConfiguration;
			buildSettings = {
				ALWAYS_SEARCH_USER_PATHS = NO;
				CLANG_ANALYZER_NONNULL = YES;
				CLANG_ANALYZER_NUMBER_OBJECT_CONVERSION = YES_AGGRESSIVE;
				CLANG_CXX_LANGUAGE_STANDARD = "gnu++14";
				CLANG_CXX_LIBRARY = "libc++";
				CLANG_ENABLE_MODULES = YES;
				CLANG_ENABLE_OBJC_ARC = YES;
				CLANG_WARN_BLOCK_CAPTURE_AUTORELEASING = YES;
				CLANG_WARN_BOOL_CONVERSION = YES;
				CLANG_WARN_COMMA = YES;
				CLANG_WARN_CONSTANT_CONVERSION = YES;
				CLANG_WARN_DIRECT_OBJC_ISA_USAGE = YES_ERROR;
				CLANG_WARN_DOCUMENTATION_COMMENTS = YES;
				CLANG_WARN_EMPTY_BODY = YES;
				CLANG_WARN_ENUM_CONVERSION = YES;
				CLANG_WARN_INFINITE_RECURSION = YES;
				CLANG_WARN_INT_CONVERSION = YES;
				CLANG_WARN_NON_LITERAL_NULL_CONVERSION = YES;
				CLANG_WARN_OBJC_LITERAL_CONVERSION = YES;
				CLANG_WARN_OBJC_ROOT_CLASS = YES_ERROR;
				CLANG_WARN_RANGE_LOOP_ANALYSIS = YES;
				CLANG_WARN_STRICT_PROTOTYPES = YES;
				CLANG_WARN_SUSPICIOUS_MOVE = YES;
				CLANG_WARN_UNGUARDED_AVAILABILITY = YES_AGGRESSIVE;
				CLANG_WARN_UNREACHABLE_CODE = YES;
				CLANG_WARN__DUPLICATE_METHOD_MATCH = YES;
				CODE_SIGN_IDENTITY = "iPhone Developer";
				COPY_PHASE_STRIP = NO;
				DEBUG_INFORMATION_FORMAT = "dwarf-with-dsym";
				ENABLE_NS_ASSERTIONS = NO;
				ENABLE_STRICT_OBJC_MSGSEND = YES;
				GCC_C_LANGUAGE_STANDARD = gnu11;
				GCC_NO_COMMON_BLOCKS = YES;
				GCC_WARN_64_TO_32_BIT_CONVERSION = YES;
				GCC_WARN_ABOUT_RETURN_TYPE = YES_ERROR;
				GCC_WARN_UNDECLARED_SELECTOR = YES;
				GCC_WARN_UNINITIALIZED_AUTOS = YES_AGGRESSIVE;
				GCC_WARN_UNUSED_FUNCTION = YES;
				GCC_WARN_UNUSED_VARIABLE = YES;
				IPHONEOS_DEPLOYMENT_TARGET = 11.2;
				MTL_ENABLE_DEBUG_INFO = NO;
				SDKROOT = iphoneos;
				SWIFT_OPTIMIZATION_LEVEL = "-Owholemodule";
				VALIDATE_PRODUCT = YES;
			};
			name = Release;
		};
		AD8168F11FFD7810002EBC59 /* Debug */ = {
			isa = XCBuildConfiguration;
			buildSettings = {
				ASSETCATALOG_COMPILER_APPICON_NAME = AppIcon;
				CODE_SIGN_ENTITLEMENTS = "Timely Goals/Timely Goals.entitlements";
				CODE_SIGN_STYLE = Automatic;
				DEVELOPMENT_TEAM = E6JAU5RVUR;
				INFOPLIST_FILE = "Timely Goals/Info.plist";
				IPHONEOS_DEPLOYMENT_TARGET = 10.3;
				LD_RUNPATH_SEARCH_PATHS = "$(inherited) @executable_path/Frameworks";
				PRODUCT_BUNDLE_IDENTIFIER = com.ItsGoalTime;
				PRODUCT_NAME = "$(TARGET_NAME)";
				SWIFT_VERSION = 4.0;
				TARGETED_DEVICE_FAMILY = "1,2";
			};
			name = Debug;
		};
		AD8168F21FFD7810002EBC59 /* Release */ = {
			isa = XCBuildConfiguration;
			buildSettings = {
				ASSETCATALOG_COMPILER_APPICON_NAME = AppIcon;
				CODE_SIGN_ENTITLEMENTS = "Timely Goals/Timely Goals.entitlements";
				CODE_SIGN_STYLE = Automatic;
				DEVELOPMENT_TEAM = E6JAU5RVUR;
				INFOPLIST_FILE = "Timely Goals/Info.plist";
				IPHONEOS_DEPLOYMENT_TARGET = 10.3;
				LD_RUNPATH_SEARCH_PATHS = "$(inherited) @executable_path/Frameworks";
				PRODUCT_BUNDLE_IDENTIFIER = com.ItsGoalTime;
				PRODUCT_NAME = "$(TARGET_NAME)";
				SWIFT_VERSION = 4.0;
				TARGETED_DEVICE_FAMILY = "1,2";
			};
			name = Release;
		};
		AD8168F41FFD7810002EBC59 /* Debug */ = {
			isa = XCBuildConfiguration;
			buildSettings = {
				ALWAYS_EMBED_SWIFT_STANDARD_LIBRARIES = YES;
				BUNDLE_LOADER = "$(TEST_HOST)";
				CODE_SIGN_STYLE = Automatic;
				DEVELOPMENT_TEAM = E6JAU5RVUR;
				INFOPLIST_FILE = "Timely GoalsTests/Info.plist";
				LD_RUNPATH_SEARCH_PATHS = "$(inherited) @executable_path/Frameworks @loader_path/Frameworks";
				PRODUCT_BUNDLE_IDENTIFIER = "com.Timely-GoalsTests";
				PRODUCT_NAME = "$(TARGET_NAME)";
				SWIFT_VERSION = 4.0;
				TARGETED_DEVICE_FAMILY = "1,2";
				TEST_HOST = "$(BUILT_PRODUCTS_DIR)/Timely Goals.app/Timely Goals";
			};
			name = Debug;
		};
		AD8168F51FFD7810002EBC59 /* Release */ = {
			isa = XCBuildConfiguration;
			buildSettings = {
				ALWAYS_EMBED_SWIFT_STANDARD_LIBRARIES = YES;
				BUNDLE_LOADER = "$(TEST_HOST)";
				CODE_SIGN_STYLE = Automatic;
				DEVELOPMENT_TEAM = E6JAU5RVUR;
				INFOPLIST_FILE = "Timely GoalsTests/Info.plist";
				LD_RUNPATH_SEARCH_PATHS = "$(inherited) @executable_path/Frameworks @loader_path/Frameworks";
				PRODUCT_BUNDLE_IDENTIFIER = "com.Timely-GoalsTests";
				PRODUCT_NAME = "$(TARGET_NAME)";
				SWIFT_VERSION = 4.0;
				TARGETED_DEVICE_FAMILY = "1,2";
				TEST_HOST = "$(BUILT_PRODUCTS_DIR)/Timely Goals.app/Timely Goals";
			};
			name = Release;
		};
		AD8168F71FFD7810002EBC59 /* Debug */ = {
			isa = XCBuildConfiguration;
			buildSettings = {
				ALWAYS_EMBED_SWIFT_STANDARD_LIBRARIES = YES;
				CODE_SIGN_STYLE = Automatic;
				DEVELOPMENT_TEAM = E6JAU5RVUR;
				INFOPLIST_FILE = "Timely GoalsUITests/Info.plist";
				LD_RUNPATH_SEARCH_PATHS = "$(inherited) @executable_path/Frameworks @loader_path/Frameworks";
				PRODUCT_BUNDLE_IDENTIFIER = "com.Timely-GoalsUITests";
				PRODUCT_NAME = "$(TARGET_NAME)";
				SWIFT_VERSION = 4.0;
				TARGETED_DEVICE_FAMILY = "1,2";
				TEST_TARGET_NAME = "Timely Goals";
			};
			name = Debug;
		};
		AD8168F81FFD7810002EBC59 /* Release */ = {
			isa = XCBuildConfiguration;
			buildSettings = {
				ALWAYS_EMBED_SWIFT_STANDARD_LIBRARIES = YES;
				CODE_SIGN_STYLE = Automatic;
				DEVELOPMENT_TEAM = E6JAU5RVUR;
				INFOPLIST_FILE = "Timely GoalsUITests/Info.plist";
				LD_RUNPATH_SEARCH_PATHS = "$(inherited) @executable_path/Frameworks @loader_path/Frameworks";
				PRODUCT_BUNDLE_IDENTIFIER = "com.Timely-GoalsUITests";
				PRODUCT_NAME = "$(TARGET_NAME)";
				SWIFT_VERSION = 4.0;
				TARGETED_DEVICE_FAMILY = "1,2";
				TEST_TARGET_NAME = "Timely Goals";
			};
			name = Release;
		};
/* End XCBuildConfiguration section */

/* Begin XCConfigurationList section */
		AD8168C01FFD780F002EBC59 /* Build configuration list for PBXProject "Timely Goals" */ = {
			isa = XCConfigurationList;
			buildConfigurations = (
				AD8168EE1FFD7810002EBC59 /* Debug */,
				AD8168EF1FFD7810002EBC59 /* Release */,
			);
			defaultConfigurationIsVisible = 0;
			defaultConfigurationName = Release;
		};
		AD8168F01FFD7810002EBC59 /* Build configuration list for PBXNativeTarget "Timely Goals" */ = {
			isa = XCConfigurationList;
			buildConfigurations = (
				AD8168F11FFD7810002EBC59 /* Debug */,
				AD8168F21FFD7810002EBC59 /* Release */,
			);
			defaultConfigurationIsVisible = 0;
			defaultConfigurationName = Release;
		};
		AD8168F31FFD7810002EBC59 /* Build configuration list for PBXNativeTarget "Timely GoalsTests" */ = {
			isa = XCConfigurationList;
			buildConfigurations = (
				AD8168F41FFD7810002EBC59 /* Debug */,
				AD8168F51FFD7810002EBC59 /* Release */,
			);
			defaultConfigurationIsVisible = 0;
			defaultConfigurationName = Release;
		};
		AD8168F61FFD7810002EBC59 /* Build configuration list for PBXNativeTarget "Timely GoalsUITests" */ = {
			isa = XCConfigurationList;
			buildConfigurations = (
				AD8168F71FFD7810002EBC59 /* Debug */,
				AD8168F81FFD7810002EBC59 /* Release */,
			);
			defaultConfigurationIsVisible = 0;
			defaultConfigurationName = Release;
		};
/* End XCConfigurationList section */

/* Begin XCVersionGroup section */
		ADFAA8CC1FFEA7C7009B02B0 /* Model.xcdatamodeld */ = {
			isa = XCVersionGroup;
			children = (
				ADFAA8CD1FFEA7C7009B02B0 /* Model.xcdatamodel */,
			);
			currentVersion = ADFAA8CD1FFEA7C7009B02B0 /* Model.xcdatamodel */;
			path = Model.xcdatamodeld;
			sourceTree = "<group>";
			versionGroupType = wrapper.xcdatamodel;
		};
/* End XCVersionGroup section */
	};
	rootObject = AD8168BD1FFD780F002EBC59 /* Project object */;
}
